
Microsoft Visual Studio Solution File, Format Version 12.00
# Visual Studio 15
VisualStudioVersion = 15.0.28307.1022
MinimumVisualStudioVersion = 10.0.40219.1
Project("{FAE04EC0-301F-11D3-BF4B-00C04F79EFBC}") = "R2000_Radar", "R2000_Radar\R2000_Radar.csproj", "{06E34E1E-477A-448B-A7BF-391D3842E193}"
EndProject
Project("{FAE04EC0-301F-11D3-BF4B-00C04F79EFBC}") = "R2000-Library", "R2000-Library\R2000-Library.csproj", "{3728259C-7ABF-42E1-9985-53D1876454D1}"
EndProject
Project("{FAE04EC0-301F-11D3-BF4B-00C04F79EFBC}") = "Paint", "Paint\Paint.csproj", "{582F48AA-6E5F-482C-9FA7-8CD6F64D3EA1}"
EndProject
Project("{FAE04EC0-301F-11D3-BF4B-00C04F79EFBC}") = "MyToolkit", "TraceLog\MyToolkit.csproj", "{4AFA746D-4EC1-4C29-86CA-345005FF0356}"
EndProject
Global
	GlobalSection(SolutionConfigurationPlatforms) = preSolution
		Debug|Any CPU = Debug|Any CPU
		Debug|x64 = Debug|x64
		Debug|x86 = Debug|x86
		Release|Any CPU = Release|Any CPU
		Release|x64 = Release|x64
		Release|x86 = Release|x86
	EndGlobalSection
	GlobalSection(ProjectConfigurationPlatforms) = postSolution
		{06E34E1E-477A-448B-A7BF-391D3842E193}.Debug|Any CPU.ActiveCfg = Debug|Any CPU
		{06E34E1E-477A-448B-A7BF-391D3842E193}.Debug|Any CPU.Build.0 = Debug|Any CPU
		{06E34E1E-477A-448B-A7BF-391D3842E193}.Debug|x64.ActiveCfg = Debug|Any CPU
		{06E34E1E-477A-448B-A7BF-391D3842E193}.Debug|x64.Build.0 = Debug|Any CPU
		{06E34E1E-477A-448B-A7BF-391D3842E193}.Debug|x86.ActiveCfg = Debug|Any CPU
		{06E34E1E-477A-448B-A7BF-391D3842E193}.Debug|x86.Build.0 = Debug|Any CPU
		{06E34E1E-477A-448B-A7BF-391D3842E193}.Release|Any CPU.ActiveCfg = Release|Any CPU
		{06E34E1E-477A-448B-A7BF-391D3842E193}.Release|Any CPU.Build.0 = Release|Any CPU
		{06E34E1E-477A-448B-A7BF-391D3842E193}.Release|x64.ActiveCfg = Release|Any CPU
		{06E34E1E-477A-448B-A7BF-391D3842E193}.Release|x64.Build.0 = Release|Any CPU
		{06E34E1E-477A-448B-A7BF-391D3842E193}.Release|x86.ActiveCfg = Release|Any CPU
		{06E34E1E-477A-448B-A7BF-391D3842E193}.Release|x86.Build.0 = Release|Any CPU
		{3728259C-7ABF-42E1-9985-53D1876454D1}.Debug|Any CPU.ActiveCfg = Debug|Any CPU
		{3728259C-7ABF-42E1-9985-53D1876454D1}.Debug|Any CPU.Build.0 = Debug|Any CPU
		{3728259C-7ABF-42E1-9985-53D1876454D1}.Debug|x64.ActiveCfg = Debug|Any CPU
		{3728259C-7ABF-42E1-9985-53D1876454D1}.Debug|x64.Build.0 = Debug|Any CPU
		{3728259C-7ABF-42E1-9985-53D1876454D1}.Debug|x86.ActiveCfg = Debug|Any CPU
		{3728259C-7ABF-42E1-9985-53D1876454D1}.Debug|x86.Build.0 = Debug|Any CPU
		{3728259C-7ABF-42E1-9985-53D1876454D1}.Release|Any CPU.ActiveCfg = Release|Any CPU
		{3728259C-7ABF-42E1-9985-53D1876454D1}.Release|Any CPU.Build.0 = Release|Any CPU
		{3728259C-7ABF-42E1-9985-53D1876454D1}.Release|x64.ActiveCfg = Release|Any CPU
		{3728259C-7ABF-42E1-9985-53D1876454D1}.Release|x64.Build.0 = Release|Any CPU
		{3728259C-7ABF-42E1-9985-53D1876454D1}.Release|x86.ActiveCfg = Release|Any CPU
		{3728259C-7ABF-42E1-9985-53D1876454D1}.Release|x86.Build.0 = Release|Any CPU
		{582F48AA-6E5F-482C-9FA7-8CD6F64D3EA1}.Debug|Any CPU.ActiveCfg = Debug|Any CPU
		{582F48AA-6E5F-482C-9FA7-8CD6F64D3EA1}.Debug|Any CPU.Build.0 = Debug|Any CPU
		{582F48AA-6E5F-482C-9FA7-8CD6F64D3EA1}.Debug|x64.ActiveCfg = Debug|Any CPU
		{582F48AA-6E5F-482C-9FA7-8CD6F64D3EA1}.Debug|x64.Build.0 = Debug|Any CPU
		{582F48AA-6E5F-482C-9FA7-8CD6F64D3EA1}.Debug|x86.ActiveCfg = Debug|Any CPU
		{582F48AA-6E5F-482C-9FA7-8CD6F64D3EA1}.Debug|x86.Build.0 = Debug|Any CPU
		{582F48AA-6E5F-482C-9FA7-8CD6F64D3EA1}.Release|Any CPU.ActiveCfg = Release|Any CPU
		{582F48AA-6E5F-482C-9FA7-8CD6F64D3EA1}.Release|Any CPU.Build.0 = Release|Any CPU
		{582F48AA-6E5F-482C-9FA7-8CD6F64D3EA1}.Release|x64.ActiveCfg = Release|Any CPU
		{582F48AA-6E5F-482C-9FA7-8CD6F64D3EA1}.Release|x64.Build.0 = Release|Any CPU
		{582F48AA-6E5F-482C-9FA7-8CD6F64D3EA1}.Release|x86.ActiveCfg = Release|Any CPU
		{582F48AA-6E5F-482C-9FA7-8CD6F64D3EA1}.Release|x86.Build.0 = Release|Any CPU
		{4AFA746D-4EC1-4C29-86CA-345005FF0356}.Debug|Any CPU.ActiveCfg = Debug|Any CPU
		{4AFA746D-4EC1-4C29-86CA-345005FF0356}.Debug|Any CPU.Build.0 = Debug|Any CPU
		{4AFA746D-4EC1-4C29-86CA-345005FF0356}.Debug|x64.ActiveCfg = Debug|Any CPU
		{4AFA746D-4EC1-4C29-86CA-345005FF0356}.Debug|x64.Build.0 = Debug|Any CPU
		{4AFA746D-4EC1-4C29-86CA-345005FF0356}.Debug|x86.ActiveCfg = Debug|Any CPU
		{4AFA746D-4EC1-4C29-86CA-345005FF0356}.Debug|x86.Build.0 = Debug|Any CPU
		{4AFA746D-4EC1-4C29-86CA-345005FF0356}.Release|Any CPU.ActiveCfg = Release|Any CPU
		{4AFA746D-4EC1-4C29-86CA-345005FF0356}.Release|Any CPU.Build.0 = Release|Any CPU
		{4AFA746D-4EC1-4C29-86CA-345005FF0356}.Release|x64.ActiveCfg = Release|Any CPU
		{4AFA746D-4EC1-4C29-86CA-345005FF0356}.Release|x64.Build.0 = Release|Any CPU
		{4AFA746D-4EC1-4C29-86CA-345005FF0356}.Release|x86.ActiveCfg = Release|Any CPU
		{4AFA746D-4EC1-4C29-86CA-345005FF0356}.Release|x86.Build.0 = Release|Any CPU
	EndGlobalSection
	GlobalSection(SolutionProperties) = preSolution
		HideSolutionNode = FALSE
	EndGlobalSection
	GlobalSection(ExtensibilityGlobals) = postSolution
		SolutionGuid = {BF1A9A04-FDB0-484A-BC90-819895487203}
	EndGlobalSection
EndGlobal
